{
  "name": "001",
  "version": "1.0.0",
  "lockfileVersion": 1,
  "requires": true,
  "dependencies": {
    "@vimeo/player": {
      "version": "2.1.0",
      "resolved": "https://registry.npmjs.org/@vimeo/player/-/player-2.1.0.tgz",
      "integrity": "sha1-eFN+6un0mW0I+j1JEGFmC8mAxHM=",
      "requires": {
        "es6-collections": "0.5.6",
        "native-promise-only": "0.8.1"
      }
    },
    "es6-collections": {
      "version": "0.5.6",
      "resolved": "https://registry.npmjs.org/es6-collections/-/es6-collections-0.5.6.tgz",
      "integrity": "sha1-VVLoAK0SwYIM2ivUp5rn27A9iaI="
    },
    "ev-emitter": {
      "version": "1.1.1",
      "resolved": "https://registry.npmjs.org/ev-emitter/-/ev-emitter-1.1.1.tgz",
      "integrity": "sha512-ipiDYhdQSCZ4hSbX4rMW+XzNKMD1prg/sTvoVmSLkuQ1MVlwjJQQA+sW8tMYR3BLUr9KjodFV4pvzunvRhd33Q=="
    },
    "jquery": {
      "version": "3.3.1",
      "resolved": "https://registry.npmjs.org/jquery/-/jquery-3.3.1.tgz",
      "integrity": "sha512-Ubldcmxp5np52/ENotGxlLe6aGMvmF4R8S6tZjsP6Knsaxd/xp3Zrh50cG93lR6nPXyUFwzN3ZSOQI0wRJNdGg=="
    },
    "native-promise-only": {
      "version": "0.8.1",
      "resolved": "https://registry.npmjs.org/native-promise-only/-/native-promise-only-0.8.1.tgz",
      "integrity": "sha1-IKMYwwy0X3H+et+/eyHJnBRy7xE="
    },
    "tween.js": {
      "version": "16.6.0",
      "resolved": "https://registry.npmjs.org/tween.js/-/tween.js-16.6.0.tgz",
      "integrity": "sha1-c5EEyTNsxPEe5T+c587eUeZyNiQ="
    },
    "unidragger": {
      "version": "2.3.0",
      "resolved": "https://registry.npmjs.org/unidragger/-/unidragger-2.3.0.tgz",
      "integrity": "sha512-dVkSqQdwcsaNmXaandBAOcJ4QVvkrDPosfCcZ7opYPkAiisCQaGlNw0pg00lBV4MQoWEXsEaiwhtQlbnvlXrQQ==",
      "requires": {
        "unipointer": "2.3.0"
      }
    },
    "unipointer": {
      "version": "2.3.0",
      "resolved": "https://registry.npmjs.org/unipointer/-/unipointer-2.3.0.tgz",
      "integrity": "sha512-m85sAoELCZhogI1owtJV3Dva7GxkHk2lI7A0otw3o0OwCuC/Q9gi7ehddigEYIAYbhkqNdri+dU1QQkrcBvirQ==",
      "requires": {
        "ev-emitter": "1.1.1"
      }
    }
  }
}
